
Microsoft Visual Studio Solution File, Format Version 12.00
# Visual Studio Version 16
VisualStudioVersion = 16.0.31624.102
MinimumVisualStudioVersion = 10.0.40219.1
Project("{FAE04EC0-301F-11D3-BF4B-00C04F79EFBC}") = "QuatricEquation", "QuatricEquation\QuatricEquation.csproj", "{1BCB4674-B2F1-4C8D-8C96-4D1703245843}"
EndProject
Global
	GlobalSection(SolutionConfigurationPlatforms) = preSolution
		Debug|Any CPU = Debug|Any CPU
		Release|Any CPU = Release|Any CPU
	EndGlobalSection
	GlobalSection(ProjectConfigurationPlatforms) = postSolution
		{1BCB4674-B2F1-4C8D-8C96-4D1703245843}.Debug|Any CPU.ActiveCfg = Debug|Any CPU
		{1BCB4674-B2F1-4C8D-8C96-4D1703245843}.Debug|Any CPU.Build.0 = Debug|Any CPU
		{1BCB4674-B2F1-4C8D-8C96-4D1703245843}.Release|Any CPU.ActiveCfg = Release|Any CPU
		{1BCB4674-B2F1-4C8D-8C96-4D1703245843}.Release|Any CPU.Build.0 = Release|Any CPU
	EndGlobalSection
	GlobalSection(SolutionProperties) = preSolution
		HideSolutionNode = FALSE
	EndGlobalSection
	GlobalSection(ExtensibilityGlobals) = postSolution
		SolutionGuid = {5F7C3AE1-39B3-431D-B8D4-57E21B8DDCB2}
	EndGlobalSection
EndGlobal
